
Microsoft Visual Studio Solution File, Format Version 12.00
# Visual Studio Version 16
VisualStudioVersion = 16.0.29201.188
MinimumVisualStudioVersion = 10.0.40219.1
Project("{FAE04EC0-301F-11D3-BF4B-00C04F79EFBC}") = "background_App", "background_App\background_App.csproj", "{BE4EC8BD-0498-472B-B7A8-D77056355EA7}"
EndProject
Global
	GlobalSection(SolutionConfigurationPlatforms) = preSolution
		Debug|Any CPU = Debug|Any CPU
		Release|Any CPU = Release|Any CPU
	EndGlobalSection
	GlobalSection(ProjectConfigurationPlatforms) = postSolution
		{BE4EC8BD-0498-472B-B7A8-D77056355EA7}.Debug|Any CPU.ActiveCfg = Debug|Any CPU
		{BE4EC8BD-0498-472B-B7A8-D77056355EA7}.Debug|Any CPU.Build.0 = Debug|Any CPU
		{BE4EC8BD-0498-472B-B7A8-D77056355EA7}.Release|Any CPU.ActiveCfg = Release|Any CPU
		{BE4EC8BD-0498-472B-B7A8-D77056355EA7}.Release|Any CPU.Build.0 = Release|Any CPU
	EndGlobalSection
	GlobalSection(SolutionProperties) = preSolution
		HideSolutionNode = FALSE
	EndGlobalSection
	GlobalSection(ExtensibilityGlobals) = postSolution
		SolutionGuid = {4795F2A9-D4CF-4D8E-8F9F-2561AB674482}
	EndGlobalSection
EndGlobal
